
Microsoft Visual Studio Solution File, Format Version 12.00
# Visual Studio Version 16
VisualStudioVersion = 16.0.29926.136
MinimumVisualStudioVersion = 10.0.40219.1
Project("{2150E333-8FDC-42A3-9474-1A3956D46DE8}") = "src", "src", "{92DCCE36-E7F4-4BBA-8832-6C5B45133ABE}"
EndProject
Project("{2150E333-8FDC-42A3-9474-1A3956D46DE8}") = "tests", "tests", "{5A644E8D-130C-4C2A-BC13-B71BE161F4CD}"
EndProject
Project("{2150E333-8FDC-42A3-9474-1A3956D46DE8}") = "Application", "Application", "{4FC9BC9F-C764-4F23-AB7A-7AAF4A46ADBB}"
EndProject
Project("{2150E333-8FDC-42A3-9474-1A3956D46DE8}") = "Domain", "Domain", "{E02E1B85-E8BE-428E-8A71-B1879D3A2E82}"
EndProject
Project("{9A19103F-16F7-4668-BE54-9A1E7A4F7556}") = "Entity", "src\Domain\Entity\Entity.csproj", "{EF4238B3-3649-4E2E-BACB-0FCC618DDABB}"
EndProject
Project("{9A19103F-16F7-4668-BE54-9A1E7A4F7556}") = "DomainTesting", "tests\DomainTesting\DomainTesting.csproj", "{0B17AB39-F597-46BF-A3A8-56B96A113508}"
EndProject
Project("{2150E333-8FDC-42A3-9474-1A3956D46DE8}") = "Infrastructure", "Infrastructure", "{EC42FDF7-E605-4B68-B772-025C1633939A}"
EndProject
Project("{FAE04EC0-301F-11D3-BF4B-00C04F79EFBC}") = "DataLayer", "src\Infrastructure\DataLayer\DataLayer.csproj", "{EEBCD886-40F5-48D0-B2DF-402340E1B269}"
EndProject
Project("{FAE04EC0-301F-11D3-BF4B-00C04F79EFBC}") = "ApplicationApi", "src\Application\ApplicationApi\ApplicationApi.csproj", "{348EF3F7-B0FF-4EAE-89BB-F0AA05B25908}"
EndProject
Project("{2150E333-8FDC-42A3-9474-1A3956D46DE8}") = "WebUI", "WebUI", "{8272B8BD-0624-41FB-9C92-9A5373759110}"
EndProject
Project("{FAE04EC0-301F-11D3-BF4B-00C04F79EFBC}") = "WebApp", "src\WebUI\WebApp\WebApp.csproj", "{A35EDB0B-4778-4467-BDC2-C2248DCCED75}"
EndProject
Global
	GlobalSection(SolutionConfigurationPlatforms) = preSolution
		Debug|Any CPU = Debug|Any CPU
		Release|Any CPU = Release|Any CPU
	EndGlobalSection
	GlobalSection(ProjectConfigurationPlatforms) = postSolution
		{EF4238B3-3649-4E2E-BACB-0FCC618DDABB}.Debug|Any CPU.ActiveCfg = Debug|Any CPU
		{EF4238B3-3649-4E2E-BACB-0FCC618DDABB}.Debug|Any CPU.Build.0 = Debug|Any CPU
		{EF4238B3-3649-4E2E-BACB-0FCC618DDABB}.Release|Any CPU.ActiveCfg = Release|Any CPU
		{EF4238B3-3649-4E2E-BACB-0FCC618DDABB}.Release|Any CPU.Build.0 = Release|Any CPU
		{0B17AB39-F597-46BF-A3A8-56B96A113508}.Debug|Any CPU.ActiveCfg = Debug|Any CPU
		{0B17AB39-F597-46BF-A3A8-56B96A113508}.Debug|Any CPU.Build.0 = Debug|Any CPU
		{0B17AB39-F597-46BF-A3A8-56B96A113508}.Release|Any CPU.ActiveCfg = Release|Any CPU
		{0B17AB39-F597-46BF-A3A8-56B96A113508}.Release|Any CPU.Build.0 = Release|Any CPU
		{EEBCD886-40F5-48D0-B2DF-402340E1B269}.Debug|Any CPU.ActiveCfg = Debug|Any CPU
		{EEBCD886-40F5-48D0-B2DF-402340E1B269}.Debug|Any CPU.Build.0 = Debug|Any CPU
		{EEBCD886-40F5-48D0-B2DF-402340E1B269}.Release|Any CPU.ActiveCfg = Release|Any CPU
		{EEBCD886-40F5-48D0-B2DF-402340E1B269}.Release|Any CPU.Build.0 = Release|Any CPU
		{348EF3F7-B0FF-4EAE-89BB-F0AA05B25908}.Debug|Any CPU.ActiveCfg = Debug|Any CPU
		{348EF3F7-B0FF-4EAE-89BB-F0AA05B25908}.Debug|Any CPU.Build.0 = Debug|Any CPU
		{348EF3F7-B0FF-4EAE-89BB-F0AA05B25908}.Release|Any CPU.ActiveCfg = Release|Any CPU
		{348EF3F7-B0FF-4EAE-89BB-F0AA05B25908}.Release|Any CPU.Build.0 = Release|Any CPU
		{A35EDB0B-4778-4467-BDC2-C2248DCCED75}.Debug|Any CPU.ActiveCfg = Debug|Any CPU
		{A35EDB0B-4778-4467-BDC2-C2248DCCED75}.Debug|Any CPU.Build.0 = Debug|Any CPU
		{A35EDB0B-4778-4467-BDC2-C2248DCCED75}.Release|Any CPU.ActiveCfg = Release|Any CPU
		{A35EDB0B-4778-4467-BDC2-C2248DCCED75}.Release|Any CPU.Build.0 = Release|Any CPU
	EndGlobalSection
	GlobalSection(SolutionProperties) = preSolution
		HideSolutionNode = FALSE
	EndGlobalSection
	GlobalSection(NestedProjects) = preSolution
		{4FC9BC9F-C764-4F23-AB7A-7AAF4A46ADBB} = {92DCCE36-E7F4-4BBA-8832-6C5B45133ABE}
		{E02E1B85-E8BE-428E-8A71-B1879D3A2E82} = {92DCCE36-E7F4-4BBA-8832-6C5B45133ABE}
		{EF4238B3-3649-4E2E-BACB-0FCC618DDABB} = {E02E1B85-E8BE-428E-8A71-B1879D3A2E82}
		{0B17AB39-F597-46BF-A3A8-56B96A113508} = {5A644E8D-130C-4C2A-BC13-B71BE161F4CD}
		{EC42FDF7-E605-4B68-B772-025C1633939A} = {92DCCE36-E7F4-4BBA-8832-6C5B45133ABE}
		{EEBCD886-40F5-48D0-B2DF-402340E1B269} = {EC42FDF7-E605-4B68-B772-025C1633939A}
		{348EF3F7-B0FF-4EAE-89BB-F0AA05B25908} = {4FC9BC9F-C764-4F23-AB7A-7AAF4A46ADBB}
		{8272B8BD-0624-41FB-9C92-9A5373759110} = {92DCCE36-E7F4-4BBA-8832-6C5B45133ABE}
		{A35EDB0B-4778-4467-BDC2-C2248DCCED75} = {8272B8BD-0624-41FB-9C92-9A5373759110}
	EndGlobalSection
	GlobalSection(ExtensibilityGlobals) = postSolution
		SolutionGuid = {6D404A93-88B8-4967-A337-56F526E3A872}
	EndGlobalSection
EndGlobal
